// !$*UTF8*$!
{
	archiveVersion = 1;
	classes = {
	};
	objectVersion = 50;
	objects = {

/* Begin PBXBuildFile section */
		526150F2266E9F48001C2143 /* Model.xcdatamodeld in Sources */ = {isa = PBXBuildFile; fileRef = 526150F0266E9F48001C2143 /* Model.xcdatamodeld */; };
		5261510B266EB306001C2143 /* SavedArticleCD+CoreDataClass.swift in Sources */ = {isa = PBXBuildFile; fileRef = 52615103266EB306001C2143 /* SavedArticleCD+CoreDataClass.swift */; };
		5261510C266EB306001C2143 /* SavedArticleCD+CoreDataProperties.swift in Sources */ = {isa = PBXBuildFile; fileRef = 52615104266EB306001C2143 /* SavedArticleCD+CoreDataProperties.swift */; };
		5261510D266EB306001C2143 /* RecommendationCD+CoreDataClass.swift in Sources */ = {isa = PBXBuildFile; fileRef = 52615105266EB306001C2143 /* RecommendationCD+CoreDataClass.swift */; };
		5261510E266EB306001C2143 /* RecommendationCD+CoreDataProperties.swift in Sources */ = {isa = PBXBuildFile; fileRef = 52615106266EB306001C2143 /* RecommendationCD+CoreDataProperties.swift */; };
		5261510F266EB306001C2143 /* ArticleCD+CoreDataClass.swift in Sources */ = {isa = PBXBuildFile; fileRef = 52615107266EB306001C2143 /* ArticleCD+CoreDataClass.swift */; };
		52615110266EB306001C2143 /* ArticleCD+CoreDataProperties.swift in Sources */ = {isa = PBXBuildFile; fileRef = 52615108266EB306001C2143 /* ArticleCD+CoreDataProperties.swift */; };
		52615111266EB306001C2143 /* SourceCD+CoreDataClass.swift in Sources */ = {isa = PBXBuildFile; fileRef = 52615109266EB306001C2143 /* SourceCD+CoreDataClass.swift */; };
		52615112266EB306001C2143 /* SourceCD+CoreDataProperties.swift in Sources */ = {isa = PBXBuildFile; fileRef = 5261510A266EB306001C2143 /* SourceCD+CoreDataProperties.swift */; };
		52BB8A43266B927900746D5A /* NetworkDataSource.swift in Sources */ = {isa = PBXBuildFile; fileRef = 52BB8A42266B927900746D5A /* NetworkDataSource.swift */; };
		52BB8A46266B93FA00746D5A /* Article.swift in Sources */ = {isa = PBXBuildFile; fileRef = 52BB8A45266B93FA00746D5A /* Article.swift */; };
		52BB8A48266B941500746D5A /* Source.swift in Sources */ = {isa = PBXBuildFile; fileRef = 52BB8A47266B941500746D5A /* Source.swift */; };
		52BB8A4A266B972600746D5A /* NewsResponse.swift in Sources */ = {isa = PBXBuildFile; fileRef = 52BB8A49266B972600746D5A /* NewsResponse.swift */; };
		52BB8A4D266BBA3400746D5A /* RequestError.swift in Sources */ = {isa = PBXBuildFile; fileRef = 52BB8A4C266BBA3400746D5A /* RequestError.swift */; };
		52BB8A52266BBAC000746D5A /* Result.swift in Sources */ = {isa = PBXBuildFile; fileRef = 52BB8A51266BBAC000746D5A /* Result.swift */; };
		52BB8A56266BC1D700746D5A /* NewsCategory.swift in Sources */ = {isa = PBXBuildFile; fileRef = 52BB8A55266BC1D700746D5A /* NewsCategory.swift */; };
		52BB8A58266BCBA100746D5A /* NewsRepository.swift in Sources */ = {isa = PBXBuildFile; fileRef = 52BB8A57266BCBA100746D5A /* NewsRepository.swift */; };
		52BB8A5B266BE8B000746D5A /* CoredataSource.swift in Sources */ = {isa = PBXBuildFile; fileRef = 52BB8A5A266BE8B000746D5A /* CoredataSource.swift */; };
		52D3F7302656EF6100E80B5D /* AppDelegate.swift in Sources */ = {isa = PBXBuildFile; fileRef = 52D3F72F2656EF6100E80B5D /* AppDelegate.swift */; };
		52D3F7322656EF6100E80B5D /* SceneDelegate.swift in Sources */ = {isa = PBXBuildFile; fileRef = 52D3F7312656EF6100E80B5D /* SceneDelegate.swift */; };
		52D3F73C2656EF6200E80B5D /* Assets.xcassets in Resources */ = {isa = PBXBuildFile; fileRef = 52D3F73B2656EF6200E80B5D /* Assets.xcassets */; };
		52D3F73F2656EF6200E80B5D /* LaunchScreen.storyboard in Resources */ = {isa = PBXBuildFile; fileRef = 52D3F73D2656EF6200E80B5D /* LaunchScreen.storyboard */; };
		52D3F7482656F0B600E80B5D /* InitialController.swift in Sources */ = {isa = PBXBuildFile; fileRef = 52D3F7472656F0B600E80B5D /* InitialController.swift */; };
		52E1FB51266E78F000B5B34E /* CoreDataStack.swift in Sources */ = {isa = PBXBuildFile; fileRef = 52E1FB50266E78F000B5B34E /* CoreDataStack.swift */; };
		EFF62B5A26623FE40054D425 /* WeatherView.swift in Sources */ = {isa = PBXBuildFile; fileRef = EFF62B5926623FE40054D425 /* WeatherView.swift */; };
		EFF62B5C26638C060054D425 /* feedTableView.swift in Sources */ = {isa = PBXBuildFile; fileRef = EFF62B5B26638C050054D425 /* feedTableView.swift */; };
		EFF62B5E26638C560054D425 /* FeedTableViewController.swift in Sources */ = {isa = PBXBuildFile; fileRef = EFF62B5D26638C560054D425 /* FeedTableViewController.swift */; };
		EFF62B60266399F70054D425 /* NewsStoryViewController.swift in Sources */ = {isa = PBXBuildFile; fileRef = EFF62B5F266399F70054D425 /* NewsStoryViewController.swift */; };
		EFF62B6226639AAB0054D425 /* NewsCustomCell.swift in Sources */ = {isa = PBXBuildFile; fileRef = EFF62B6126639AAB0054D425 /* NewsCustomCell.swift */; };
/* End PBXBuildFile section */

/* Begin PBXFileReference section */
		526150F1266E9F48001C2143 /* Model.xcdatamodel */ = {isa = PBXFileReference; lastKnownFileType = wrapper.xcdatamodel; path = Model.xcdatamodel; sourceTree = "<group>"; };
		52615103266EB306001C2143 /* SavedArticleCD+CoreDataClass.swift */ = {isa = PBXFileReference; lastKnownFileType = sourcecode.swift; name = "SavedArticleCD+CoreDataClass.swift"; path = "news-app/model/cdModel/SavedArticleCD+CoreDataClass.swift"; sourceTree = "<group>"; };
		52615104266EB306001C2143 /* SavedArticleCD+CoreDataProperties.swift */ = {isa = PBXFileReference; lastKnownFileType = sourcecode.swift; name = "SavedArticleCD+CoreDataProperties.swift"; path = "news-app/model/cdModel/SavedArticleCD+CoreDataProperties.swift"; sourceTree = "<group>"; };
		52615105266EB306001C2143 /* RecommendationCD+CoreDataClass.swift */ = {isa = PBXFileReference; lastKnownFileType = sourcecode.swift; name = "RecommendationCD+CoreDataClass.swift"; path = "news-app/model/cdModel/RecommendationCD+CoreDataClass.swift"; sourceTree = "<group>"; };
		52615106266EB306001C2143 /* RecommendationCD+CoreDataProperties.swift */ = {isa = PBXFileReference; lastKnownFileType = sourcecode.swift; name = "RecommendationCD+CoreDataProperties.swift"; path = "news-app/model/cdModel/RecommendationCD+CoreDataProperties.swift"; sourceTree = "<group>"; };
		52615107266EB306001C2143 /* ArticleCD+CoreDataClass.swift */ = {isa = PBXFileReference; lastKnownFileType = sourcecode.swift; name = "ArticleCD+CoreDataClass.swift"; path = "news-app/model/cdModel/ArticleCD+CoreDataClass.swift"; sourceTree = "<group>"; };
		52615108266EB306001C2143 /* ArticleCD+CoreDataProperties.swift */ = {isa = PBXFileReference; lastKnownFileType = sourcecode.swift; name = "ArticleCD+CoreDataProperties.swift"; path = "news-app/model/cdModel/ArticleCD+CoreDataProperties.swift"; sourceTree = "<group>"; };
		52615109266EB306001C2143 /* SourceCD+CoreDataClass.swift */ = {isa = PBXFileReference; lastKnownFileType = sourcecode.swift; name = "SourceCD+CoreDataClass.swift"; path = "news-app/model/cdModel/SourceCD+CoreDataClass.swift"; sourceTree = "<group>"; };
		5261510A266EB306001C2143 /* SourceCD+CoreDataProperties.swift */ = {isa = PBXFileReference; lastKnownFileType = sourcecode.swift; name = "SourceCD+CoreDataProperties.swift"; path = "news-app/model/cdModel/SourceCD+CoreDataProperties.swift"; sourceTree = "<group>"; };
		52BB8A42266B927900746D5A /* NetworkDataSource.swift */ = {isa = PBXFileReference; lastKnownFileType = sourcecode.swift; path = NetworkDataSource.swift; sourceTree = "<group>"; };
		52BB8A45266B93FA00746D5A /* Article.swift */ = {isa = PBXFileReference; lastKnownFileType = sourcecode.swift; path = Article.swift; sourceTree = "<group>"; };
		52BB8A47266B941500746D5A /* Source.swift */ = {isa = PBXFileReference; lastKnownFileType = sourcecode.swift; path = Source.swift; sourceTree = "<group>"; };
		52BB8A49266B972600746D5A /* NewsResponse.swift */ = {isa = PBXFileReference; lastKnownFileType = sourcecode.swift; path = NewsResponse.swift; sourceTree = "<group>"; };
		52BB8A4C266BBA3400746D5A /* RequestError.swift */ = {isa = PBXFileReference; lastKnownFileType = sourcecode.swift; path = RequestError.swift; sourceTree = "<group>"; };
		52BB8A51266BBAC000746D5A /* Result.swift */ = {isa = PBXFileReference; lastKnownFileType = sourcecode.swift; path = Result.swift; sourceTree = "<group>"; };
		52BB8A55266BC1D700746D5A /* NewsCategory.swift */ = {isa = PBXFileReference; lastKnownFileType = sourcecode.swift; path = NewsCategory.swift; sourceTree = "<group>"; };
		52BB8A57266BCBA100746D5A /* NewsRepository.swift */ = {isa = PBXFileReference; lastKnownFileType = sourcecode.swift; path = NewsRepository.swift; sourceTree = "<group>"; };
		52BB8A5A266BE8B000746D5A /* CoredataSource.swift */ = {isa = PBXFileReference; lastKnownFileType = sourcecode.swift; path = CoredataSource.swift; sourceTree = "<group>"; };
		52D3F72C2656EF6100E80B5D /* news-app.app */ = {isa = PBXFileReference; explicitFileType = wrapper.application; includeInIndex = 0; path = "news-app.app"; sourceTree = BUILT_PRODUCTS_DIR; };
		52D3F72F2656EF6100E80B5D /* AppDelegate.swift */ = {isa = PBXFileReference; lastKnownFileType = sourcecode.swift; path = AppDelegate.swift; sourceTree = "<group>"; };
		52D3F7312656EF6100E80B5D /* SceneDelegate.swift */ = {isa = PBXFileReference; lastKnownFileType = sourcecode.swift; path = SceneDelegate.swift; sourceTree = "<group>"; };
		52D3F73B2656EF6200E80B5D /* Assets.xcassets */ = {isa = PBXFileReference; lastKnownFileType = folder.assetcatalog; path = Assets.xcassets; sourceTree = "<group>"; };
		52D3F73E2656EF6200E80B5D /* Base */ = {isa = PBXFileReference; lastKnownFileType = file.storyboard; name = Base; path = Base.lproj/LaunchScreen.storyboard; sourceTree = "<group>"; };
		52D3F7402656EF6200E80B5D /* Info.plist */ = {isa = PBXFileReference; lastKnownFileType = text.plist.xml; path = Info.plist; sourceTree = "<group>"; };
		52D3F7472656F0B600E80B5D /* InitialController.swift */ = {isa = PBXFileReference; lastKnownFileType = sourcecode.swift; path = InitialController.swift; sourceTree = "<group>"; };
		52E1FB50266E78F000B5B34E /* CoreDataStack.swift */ = {isa = PBXFileReference; lastKnownFileType = sourcecode.swift; path = CoreDataStack.swift; sourceTree = "<group>"; };
		EFF62B5926623FE40054D425 /* WeatherView.swift */ = {isa = PBXFileReference; lastKnownFileType = sourcecode.swift; path = WeatherView.swift; sourceTree = "<group>"; };
		EFF62B5B26638C050054D425 /* feedTableView.swift */ = {isa = PBXFileReference; lastKnownFileType = sourcecode.swift; path = feedTableView.swift; sourceTree = "<group>"; };
		EFF62B5D26638C560054D425 /* FeedTableViewController.swift */ = {isa = PBXFileReference; lastKnownFileType = sourcecode.swift; path = FeedTableViewController.swift; sourceTree = "<group>"; };
		EFF62B5F266399F70054D425 /* NewsStoryViewController.swift */ = {isa = PBXFileReference; lastKnownFileType = sourcecode.swift; path = NewsStoryViewController.swift; sourceTree = "<group>"; };
		EFF62B6126639AAB0054D425 /* NewsCustomCell.swift */ = {isa = PBXFileReference; lastKnownFileType = sourcecode.swift; path = NewsCustomCell.swift; sourceTree = "<group>"; };
/* End PBXFileReference section */

/* Begin PBXFrameworksBuildPhase section */
		52D3F7292656EF6100E80B5D /* Frameworks */ = {
			isa = PBXFrameworksBuildPhase;
			buildActionMask = 2147483647;
			files = (
			);
			runOnlyForDeploymentPostprocessing = 0;
		};
/* End PBXFrameworksBuildPhase section */

/* Begin PBXGroup section */
		52BB8A41266B91A700746D5A /* repository */ = {
			isa = PBXGroup;
			children = (
				52E1FB4F266E78AD00B5B34E /* coreData */,
				52BB8A59266BE88F00746D5A /* sources */,
				52BB8A4B266BBA2200746D5A /* util */,
				52BB8A57266BCBA100746D5A /* NewsRepository.swift */,
			);
			path = repository;
			sourceTree = "<group>";
		};
		52BB8A44266B93E800746D5A /* model */ = {
			isa = PBXGroup;
			children = (
				52BB8A45266B93FA00746D5A /* Article.swift */,
				52BB8A47266B941500746D5A /* Source.swift */,
				52BB8A49266B972600746D5A /* NewsResponse.swift */,
				52BB8A55266BC1D700746D5A /* NewsCategory.swift */,
			);
			path = model;
			sourceTree = "<group>";
		};
		52BB8A4B266BBA2200746D5A /* util */ = {
			isa = PBXGroup;
			children = (
				52BB8A4C266BBA3400746D5A /* RequestError.swift */,
				52BB8A51266BBAC000746D5A /* Result.swift */,
			);
			path = util;
			sourceTree = "<group>";
		};
		52BB8A59266BE88F00746D5A /* sources */ = {
			isa = PBXGroup;
			children = (
				52BB8A42266B927900746D5A /* NetworkDataSource.swift */,
				52BB8A5A266BE8B000746D5A /* CoredataSource.swift */,
			);
			path = sources;
			sourceTree = "<group>";
		};
		52D3F7232656EF6100E80B5D = {
			isa = PBXGroup;
			children = (
				52615103266EB306001C2143 /* SavedArticleCD+CoreDataClass.swift */,
				52615104266EB306001C2143 /* SavedArticleCD+CoreDataProperties.swift */,
				52615105266EB306001C2143 /* RecommendationCD+CoreDataClass.swift */,
				52615106266EB306001C2143 /* RecommendationCD+CoreDataProperties.swift */,
				52615107266EB306001C2143 /* ArticleCD+CoreDataClass.swift */,
				52615108266EB306001C2143 /* ArticleCD+CoreDataProperties.swift */,
				52615109266EB306001C2143 /* SourceCD+CoreDataClass.swift */,
				5261510A266EB306001C2143 /* SourceCD+CoreDataProperties.swift */,
				52D3F72E2656EF6100E80B5D /* news-app */,
				52D3F72D2656EF6100E80B5D /* Products */,
			);
			sourceTree = "<group>";
		};
		52D3F72D2656EF6100E80B5D /* Products */ = {
			isa = PBXGroup;
			children = (
				52D3F72C2656EF6100E80B5D /* news-app.app */,
			);
			name = Products;
			sourceTree = "<group>";
		};
		52D3F72E2656EF6100E80B5D /* news-app */ = {
			isa = PBXGroup;
			children = (
				52BB8A44266B93E800746D5A /* model */,
				52BB8A41266B91A700746D5A /* repository */,
				52D3F74A2656F12D00E80B5D /* presenter */,
				52D3F7462656F0A200E80B5D /* view */,
				52D3F72F2656EF6100E80B5D /* AppDelegate.swift */,
				52D3F7312656EF6100E80B5D /* SceneDelegate.swift */,
				52D3F73B2656EF6200E80B5D /* Assets.xcassets */,
				52D3F73D2656EF6200E80B5D /* LaunchScreen.storyboard */,
				52D3F7402656EF6200E80B5D /* Info.plist */,
				526150F0266E9F48001C2143 /* Model.xcdatamodeld */,
			);
			path = "news-app";
			sourceTree = "<group>";
		};
		52D3F7462656F0A200E80B5D /* view */ = {
			isa = PBXGroup;
			children = (
				52D3F7472656F0B600E80B5D /* InitialController.swift */,
				EFF62B6126639AAB0054D425 /* NewsCustomCell.swift */,
				EFF62B5F266399F70054D425 /* NewsStoryViewController.swift */,
				EFF62B5D26638C560054D425 /* FeedTableViewController.swift */,
				EFF62B5B26638C050054D425 /* feedTableView.swift */,
				EFF62B5926623FE40054D425 /* WeatherView.swift */,
			);
			path = view;
			sourceTree = "<group>";
		};
		52D3F74A2656F12D00E80B5D /* presenter */ = {
			isa = PBXGroup;
			children = (
			);
			path = presenter;
			sourceTree = "<group>";
		};
		52E1FB4F266E78AD00B5B34E /* coreData */ = {
			isa = PBXGroup;
			children = (
				52E1FB50266E78F000B5B34E /* CoreDataStack.swift */,
			);
			path = coreData;
			sourceTree = "<group>";
		};
/* End PBXGroup section */

/* Begin PBXNativeTarget section */
		52D3F72B2656EF6100E80B5D /* news-app */ = {
			isa = PBXNativeTarget;
			buildConfigurationList = 52D3F7432656EF6200E80B5D /* Build configuration list for PBXNativeTarget "news-app" */;
			buildPhases = (
				52D3F7282656EF6100E80B5D /* Sources */,
				52D3F7292656EF6100E80B5D /* Frameworks */,
				52D3F72A2656EF6100E80B5D /* Resources */,
			);
			buildRules = (
			);
			dependencies = (
			);
			name = "news-app";
			productName = "news-app";
			productReference = 52D3F72C2656EF6100E80B5D /* news-app.app */;
			productType = "com.apple.product-type.application";
		};
/* End PBXNativeTarget section */

/* Begin PBXProject section */
		52D3F7242656EF6100E80B5D /* Project object */ = {
			isa = PBXProject;
			attributes = {
				LastSwiftUpdateCheck = 1110;
				LastUpgradeCheck = 1110;
				ORGANIZATIONNAME = "ios-vjestina";
				TargetAttributes = {
					52D3F72B2656EF6100E80B5D = {
						CreatedOnToolsVersion = 11.1;
					};
				};
			};
			buildConfigurationList = 52D3F7272656EF6100E80B5D /* Build configuration list for PBXProject "news-app" */;
			compatibilityVersion = "Xcode 9.3";
			developmentRegion = en;
			hasScannedForEncodings = 0;
			knownRegions = (
				en,
				Base,
			);
			mainGroup = 52D3F7232656EF6100E80B5D;
			productRefGroup = 52D3F72D2656EF6100E80B5D /* Products */;
			projectDirPath = "";
			projectRoot = "";
			targets = (
				52D3F72B2656EF6100E80B5D /* news-app */,
			);
		};
/* End PBXProject section */

/* Begin PBXResourcesBuildPhase section */
		52D3F72A2656EF6100E80B5D /* Resources */ = {
			isa = PBXResourcesBuildPhase;
			buildActionMask = 2147483647;
			files = (
				52D3F73F2656EF6200E80B5D /* LaunchScreen.storyboard in Resources */,
				52D3F73C2656EF6200E80B5D /* Assets.xcassets in Resources */,
			);
			runOnlyForDeploymentPostprocessing = 0;
		};
/* End PBXResourcesBuildPhase section */

/* Begin PBXSourcesBuildPhase section */
		52D3F7282656EF6100E80B5D /* Sources */ = {
			isa = PBXSourcesBuildPhase;
			buildActionMask = 2147483647;
			files = (
				52BB8A4D266BBA3400746D5A /* RequestError.swift in Sources */,
				5261510D266EB306001C2143 /* RecommendationCD+CoreDataClass.swift in Sources */,
				52BB8A46266B93FA00746D5A /* Article.swift in Sources */,
				5261510E266EB306001C2143 /* RecommendationCD+CoreDataProperties.swift in Sources */,
				EFF62B5A26623FE40054D425 /* WeatherView.swift in Sources */,
				52D3F7482656F0B600E80B5D /* InitialController.swift in Sources */,
				52D3F7302656EF6100E80B5D /* AppDelegate.swift in Sources */,
				5261510F266EB306001C2143 /* ArticleCD+CoreDataClass.swift in Sources */,
				52BB8A5B266BE8B000746D5A /* CoredataSource.swift in Sources */,
				EFF62B5E26638C560054D425 /* FeedTableViewController.swift in Sources */,
				52BB8A52266BBAC000746D5A /* Result.swift in Sources */,
				52E1FB51266E78F000B5B34E /* CoreDataStack.swift in Sources */,
				52615110266EB306001C2143 /* ArticleCD+CoreDataProperties.swift in Sources */,
				52615112266EB306001C2143 /* SourceCD+CoreDataProperties.swift in Sources */,
				52615111266EB306001C2143 /* SourceCD+CoreDataClass.swift in Sources */,
				5261510C266EB306001C2143 /* SavedArticleCD+CoreDataProperties.swift in Sources */,
				EFF62B5C26638C060054D425 /* feedTableView.swift in Sources */,
				52BB8A56266BC1D700746D5A /* NewsCategory.swift in Sources */,
				52BB8A43266B927900746D5A /* NetworkDataSource.swift in Sources */,
				52BB8A4A266B972600746D5A /* NewsResponse.swift in Sources */,
				EFF62B60266399F70054D425 /* NewsStoryViewController.swift in Sources */,
				52BB8A58266BCBA100746D5A /* NewsRepository.swift in Sources */,
				52BB8A48266B941500746D5A /* Source.swift in Sources */,
				52D3F7322656EF6100E80B5D /* SceneDelegate.swift in Sources */,
				526150F2266E9F48001C2143 /* Model.xcdatamodeld in Sources */,
				EFF62B6226639AAB0054D425 /* NewsCustomCell.swift in Sources */,
				5261510B266EB306001C2143 /* SavedArticleCD+CoreDataClass.swift in Sources */,
			);
			runOnlyForDeploymentPostprocessing = 0;
		};
/* End PBXSourcesBuildPhase section */

/* Begin PBXVariantGroup section */
		52D3F73D2656EF6200E80B5D /* LaunchScreen.storyboard */ = {
			isa = PBXVariantGroup;
			children = (
				52D3F73E2656EF6200E80B5D /* Base */,
			);
			name = LaunchScreen.storyboard;
			sourceTree = "<group>";
		};
/* End PBXVariantGroup section */

/* Begin XCBuildConfiguration section */
		52D3F7412656EF6200E80B5D /* Debug */ = {
			isa = XCBuildConfiguration;
			buildSettings = {
				ALWAYS_SEARCH_USER_PATHS = NO;
				CLANG_ANALYZER_NONNULL = YES;
				CLANG_ANALYZER_NUMBER_OBJECT_CONVERSION = YES_AGGRESSIVE;
				CLANG_CXX_LANGUAGE_STANDARD = "gnu++14";
				CLANG_CXX_LIBRARY = "libc++";
				CLANG_ENABLE_MODULES = YES;
				CLANG_ENABLE_OBJC_ARC = YES;
				CLANG_ENABLE_OBJC_WEAK = YES;
				CLANG_WARN_BLOCK_CAPTURE_AUTORELEASING = YES;
				CLANG_WARN_BOOL_CONVERSION = YES;
				CLANG_WARN_COMMA = YES;
				CLANG_WARN_CONSTANT_CONVERSION = YES;
				CLANG_WARN_DEPRECATED_OBJC_IMPLEMENTATIONS = YES;
				CLANG_WARN_DIRECT_OBJC_ISA_USAGE = YES_ERROR;
				CLANG_WARN_DOCUMENTATION_COMMENTS = YES;
				CLANG_WARN_EMPTY_BODY = YES;
				CLANG_WARN_ENUM_CONVERSION = YES;
				CLANG_WARN_INFINITE_RECURSION = YES;
				CLANG_WARN_INT_CONVERSION = YES;
				CLANG_WARN_NON_LITERAL_NULL_CONVERSION = YES;
				CLANG_WARN_OBJC_IMPLICIT_RETAIN_SELF = YES;
				CLANG_WARN_OBJC_LITERAL_CONVERSION = YES;
				CLANG_WARN_OBJC_ROOT_CLASS = YES_ERROR;
				CLANG_WARN_RANGE_LOOP_ANALYSIS = YES;
				CLANG_WARN_STRICT_PROTOTYPES = YES;
				CLANG_WARN_SUSPICIOUS_MOVE = YES;
				CLANG_WARN_UNGUARDED_AVAILABILITY = YES_AGGRESSIVE;
				CLANG_WARN_UNREACHABLE_CODE = YES;
				CLANG_WARN__DUPLICATE_METHOD_MATCH = YES;
				COPY_PHASE_STRIP = NO;
				DEBUG_INFORMATION_FORMAT = dwarf;
				ENABLE_STRICT_OBJC_MSGSEND = YES;
				ENABLE_TESTABILITY = YES;
				GCC_C_LANGUAGE_STANDARD = gnu11;
				GCC_DYNAMIC_NO_PIC = NO;
				GCC_NO_COMMON_BLOCKS = YES;
				GCC_OPTIMIZATION_LEVEL = 0;
				GCC_PREPROCESSOR_DEFINITIONS = (
					"DEBUG=1",
					"$(inherited)",
				);
				GCC_WARN_64_TO_32_BIT_CONVERSION = YES;
				GCC_WARN_ABOUT_RETURN_TYPE = YES_ERROR;
				GCC_WARN_UNDECLARED_SELECTOR = YES;
				GCC_WARN_UNINITIALIZED_AUTOS = YES_AGGRESSIVE;
				GCC_WARN_UNUSED_FUNCTION = YES;
				GCC_WARN_UNUSED_VARIABLE = YES;
				IPHONEOS_DEPLOYMENT_TARGET = 13.1;
				MTL_ENABLE_DEBUG_INFO = INCLUDE_SOURCE;
				MTL_FAST_MATH = YES;
				ONLY_ACTIVE_ARCH = YES;
				SDKROOT = iphoneos;
				SWIFT_ACTIVE_COMPILATION_CONDITIONS = DEBUG;
				SWIFT_OPTIMIZATION_LEVEL = "-Onone";
			};
			name = Debug;
		};
		52D3F7422656EF6200E80B5D /* Release */ = {
			isa = XCBuildConfiguration;
			buildSettings = {
				ALWAYS_SEARCH_USER_PATHS = NO;
				CLANG_ANALYZER_NONNULL = YES;
				CLANG_ANALYZER_NUMBER_OBJECT_CONVERSION = YES_AGGRESSIVE;
				CLANG_CXX_LANGUAGE_STANDARD = "gnu++14";
				CLANG_CXX_LIBRARY = "libc++";
				CLANG_ENABLE_MODULES = YES;
				CLANG_ENABLE_OBJC_ARC = YES;
				CLANG_ENABLE_OBJC_WEAK = YES;
				CLANG_WARN_BLOCK_CAPTURE_AUTORELEASING = YES;
				CLANG_WARN_BOOL_CONVERSION = YES;
				CLANG_WARN_COMMA = YES;
				CLANG_WARN_CONSTANT_CONVERSION = YES;
				CLANG_WARN_DEPRECATED_OBJC_IMPLEMENTATIONS = YES;
				CLANG_WARN_DIRECT_OBJC_ISA_USAGE = YES_ERROR;
				CLANG_WARN_DOCUMENTATION_COMMENTS = YES;
				CLANG_WARN_EMPTY_BODY = YES;
				CLANG_WARN_ENUM_CONVERSION = YES;
				CLANG_WARN_INFINITE_RECURSION = YES;
				CLANG_WARN_INT_CONVERSION = YES;
				CLANG_WARN_NON_LITERAL_NULL_CONVERSION = YES;
				CLANG_WARN_OBJC_IMPLICIT_RETAIN_SELF = YES;
				CLANG_WARN_OBJC_LITERAL_CONVERSION = YES;
				CLANG_WARN_OBJC_ROOT_CLASS = YES_ERROR;
				CLANG_WARN_RANGE_LOOP_ANALYSIS = YES;
				CLANG_WARN_STRICT_PROTOTYPES = YES;
				CLANG_WARN_SUSPICIOUS_MOVE = YES;
				CLANG_WARN_UNGUARDED_AVAILABILITY = YES_AGGRESSIVE;
				CLANG_WARN_UNREACHABLE_CODE = YES;
				CLANG_WARN__DUPLICATE_METHOD_MATCH = YES;
				COPY_PHASE_STRIP = NO;
				DEBUG_INFORMATION_FORMAT = "dwarf-with-dsym";
				ENABLE_NS_ASSERTIONS = NO;
				ENABLE_STRICT_OBJC_MSGSEND = YES;
				GCC_C_LANGUAGE_STANDARD = gnu11;
				GCC_NO_COMMON_BLOCKS = YES;
				GCC_WARN_64_TO_32_BIT_CONVERSION = YES;
				GCC_WARN_ABOUT_RETURN_TYPE = YES_ERROR;
				GCC_WARN_UNDECLARED_SELECTOR = YES;
				GCC_WARN_UNINITIALIZED_AUTOS = YES_AGGRESSIVE;
				GCC_WARN_UNUSED_FUNCTION = YES;
				GCC_WARN_UNUSED_VARIABLE = YES;
				IPHONEOS_DEPLOYMENT_TARGET = 13.1;
				MTL_ENABLE_DEBUG_INFO = NO;
				MTL_FAST_MATH = YES;
				SDKROOT = iphoneos;
				SWIFT_COMPILATION_MODE = wholemodule;
				SWIFT_OPTIMIZATION_LEVEL = "-O";
				VALIDATE_PRODUCT = YES;
			};
			name = Release;
		};
		52D3F7442656EF6200E80B5D /* Debug */ = {
			isa = XCBuildConfiguration;
			buildSettings = {
				ASSETCATALOG_COMPILER_APPICON_NAME = AppIcon;
				CODE_SIGN_STYLE = Automatic;
				INFOPLIST_FILE = "news-app/Info.plist";
				LD_RUNPATH_SEARCH_PATHS = (
					"$(inherited)",
					"@executable_path/Frameworks",
				);
				PRODUCT_BUNDLE_IDENTIFIER = "five.news-app";
				PRODUCT_NAME = "$(TARGET_NAME)";
				SWIFT_VERSION = 5.0;
				TARGETED_DEVICE_FAMILY = "1,2";
			};
			name = Debug;
		};
		52D3F7452656EF6200E80B5D /* Release */ = {
			isa = XCBuildConfiguration;
			buildSettings = {
				ASSETCATALOG_COMPILER_APPICON_NAME = AppIcon;
				CODE_SIGN_STYLE = Automatic;
				INFOPLIST_FILE = "news-app/Info.plist";
				LD_RUNPATH_SEARCH_PATHS = (
					"$(inherited)",
					"@executable_path/Frameworks",
				);
				PRODUCT_BUNDLE_IDENTIFIER = "five.news-app";
				PRODUCT_NAME = "$(TARGET_NAME)";
				SWIFT_VERSION = 5.0;
				TARGETED_DEVICE_FAMILY = "1,2";
			};
			name = Release;
		};
/* End XCBuildConfiguration section */

/* Begin XCConfigurationList section */
		52D3F7272656EF6100E80B5D /* Build configuration list for PBXProject "news-app" */ = {
			isa = XCConfigurationList;
			buildConfigurations = (
				52D3F7412656EF6200E80B5D /* Debug */,
				52D3F7422656EF6200E80B5D /* Release */,
			);
			defaultConfigurationIsVisible = 0;
			defaultConfigurationName = Release;
		};
		52D3F7432656EF6200E80B5D /* Build configuration list for PBXNativeTarget "news-app" */ = {
			isa = XCConfigurationList;
			buildConfigurations = (
				52D3F7442656EF6200E80B5D /* Debug */,
				52D3F7452656EF6200E80B5D /* Release */,
			);
			defaultConfigurationIsVisible = 0;
			defaultConfigurationName = Release;
		};
/* End XCConfigurationList section */

/* Begin XCVersionGroup section */
		526150F0266E9F48001C2143 /* Model.xcdatamodeld */ = {
			isa = XCVersionGroup;
			children = (
				526150F1266E9F48001C2143 /* Model.xcdatamodel */,
			);
			currentVersion = 526150F1266E9F48001C2143 /* Model.xcdatamodel */;
			path = Model.xcdatamodeld;
			sourceTree = "<group>";
			versionGroupType = wrapper.xcdatamodel;
		};
/* End XCVersionGroup section */
	};
	rootObject = 52D3F7242656EF6100E80B5D /* Project object */;
}
